
Microsoft Visual Studio Solution File, Format Version 12.00
# Visual Studio Version 17
VisualStudioVersion = 17.11.35222.181
MinimumVisualStudioVersion = 10.0.40219.1
Project("{FAE04EC0-301F-11D3-BF4B-00C04F79EFBC}") = "ConsoleApp4", "ConsoleApp4\ConsoleApp4.csproj", "{5718E913-6E20-4E49-8556-68279F8EE07F}"
EndProject
Global
	GlobalSection(SolutionConfigurationPlatforms) = preSolution
		Debug|Any CPU = Debug|Any CPU
		Release|Any CPU = Release|Any CPU
	EndGlobalSection
	GlobalSection(ProjectConfigurationPlatforms) = postSolution
		{5718E913-6E20-4E49-8556-68279F8EE07F}.Debug|Any CPU.ActiveCfg = Debug|Any CPU
		{5718E913-6E20-4E49-8556-68279F8EE07F}.Debug|Any CPU.Build.0 = Debug|Any CPU
		{5718E913-6E20-4E49-8556-68279F8EE07F}.Release|Any CPU.ActiveCfg = Release|Any CPU
		{5718E913-6E20-4E49-8556-68279F8EE07F}.Release|Any CPU.Build.0 = Release|Any CPU
	EndGlobalSection
	GlobalSection(SolutionProperties) = preSolution
		HideSolutionNode = FALSE
	EndGlobalSection
	GlobalSection(ExtensibilityGlobals) = postSolution
		SolutionGuid = {A843D486-6B64-4453-BB27-3DDF96B099AB}
	EndGlobalSection
EndGlobal
